
Microsoft Visual Studio Solution File, Format Version 12.00
# Visual Studio Version 17
VisualStudioVersion = 17.10.35013.160
MinimumVisualStudioVersion = 10.0.40219.1
Project("{9A19103F-16F7-4668-BE54-9A1E7A4F7556}") = "DemoSemanticKernel", "DemoSemanticKernel\DemoSemanticKernel.csproj", "{5ECDF038-AA52-41D8-B158-8BD9803C864A}"
EndProject
Global
	GlobalSection(SolutionConfigurationPlatforms) = preSolution
		Debug|Any CPU = Debug|Any CPU
		Release|Any CPU = Release|Any CPU
	EndGlobalSection
	GlobalSection(ProjectConfigurationPlatforms) = postSolution
		{5ECDF038-AA52-41D8-B158-8BD9803C864A}.Debug|Any CPU.ActiveCfg = Debug|Any CPU
		{5ECDF038-AA52-41D8-B158-8BD9803C864A}.Debug|Any CPU.Build.0 = Debug|Any CPU
		{5ECDF038-AA52-41D8-B158-8BD9803C864A}.Release|Any CPU.ActiveCfg = Release|Any CPU
		{5ECDF038-AA52-41D8-B158-8BD9803C864A}.Release|Any CPU.Build.0 = Release|Any CPU
	EndGlobalSection
	GlobalSection(SolutionProperties) = preSolution
		HideSolutionNode = FALSE
	EndGlobalSection
	GlobalSection(ExtensibilityGlobals) = postSolution
		SolutionGuid = {BF1E14A3-FDF6-42B9-AD5C-B3B9DEF89747}
	EndGlobalSection
EndGlobal
